
Microsoft Visual Studio Solution File, Format Version 12.00
# Visual Studio Version 16
VisualStudioVersion = 16.0.31829.152
MinimumVisualStudioVersion = 10.0.40219.1
Project("{8BC9CEB8-8B4A-11D0-8D11-00A0C91BC942}") = "drax", "drax\drax.vcxproj", "{EB9160EE-93DC-4845-A204-F59839A747F7}"
EndProject
Global
	GlobalSection(SolutionConfigurationPlatforms) = preSolution
		Debug Static|Win32 = Debug Static|Win32
		Debug|Win32 = Debug|Win32
		Release Static|Win32 = Release Static|Win32
		Release|Win32 = Release|Win32
	EndGlobalSection
	GlobalSection(ProjectConfigurationPlatforms) = postSolution
		{EB9160EE-93DC-4845-A204-F59839A747F7}.Debug Static|Win32.ActiveCfg = Debug|Win32
		{EB9160EE-93DC-4845-A204-F59839A747F7}.Debug Static|Win32.Build.0 = Debug|Win32
		{EB9160EE-93DC-4845-A204-F59839A747F7}.Debug|Win32.ActiveCfg = Debug|Win32
		{EB9160EE-93DC-4845-A204-F59839A747F7}.Debug|Win32.Build.0 = Debug|Win32
		{EB9160EE-93DC-4845-A204-F59839A747F7}.Release Static|Win32.ActiveCfg = Release|Win32
		{EB9160EE-93DC-4845-A204-F59839A747F7}.Release Static|Win32.Build.0 = Release|Win32
		{EB9160EE-93DC-4845-A204-F59839A747F7}.Release|Win32.ActiveCfg = Release|Win32
		{EB9160EE-93DC-4845-A204-F59839A747F7}.Release|Win32.Build.0 = Release|Win32
	EndGlobalSection
	GlobalSection(SolutionProperties) = preSolution
		HideSolutionNode = FALSE
	EndGlobalSection
	GlobalSection(ExtensibilityGlobals) = postSolution
		SolutionGuid = {1D64544F-24C5-44A8-AF75-1AFBD5CAC6D9}
	EndGlobalSection
	GlobalSection(SubversionScc) = preSolution
		Svn-Managed = True
		Manager = AnkhSVN - Subversion Support for Visual Studio
	EndGlobalSection
EndGlobal
